
Microsoft Visual Studio Solution File, Format Version 12.00
# Visual Studio Version 17
VisualStudioVersion = 17.10.35013.160
MinimumVisualStudioVersion = 10.0.40219.1
Project("{9A19103F-16F7-4668-BE54-9A1E7A4F7556}") = "Matrix", "Matrix\Matrix.csproj", "{19EFC2DB-D4B1-4449-9228-B43206F855E7}"
EndProject
Project("{9A19103F-16F7-4668-BE54-9A1E7A4F7556}") = "Infrastructure", "Infrastructure\Infrastructure.csproj", "{3B44515E-44D3-450A-928A-46165D71652F}"
EndProject
Project("{9A19103F-16F7-4668-BE54-9A1E7A4F7556}") = "Common", "Common\Common.csproj", "{2A9E0C06-73B7-4782-9B8D-702726E498C2}"
EndProject
Project("{9A19103F-16F7-4668-BE54-9A1E7A4F7556}") = "DTO", "DTO\DTO.csproj", "{43ACCF8B-25EC-4C12-94A9-3A8036D3D3D6}"
EndProject
Project("{9A19103F-16F7-4668-BE54-9A1E7A4F7556}") = "Repository", "Repository\Repository.csproj", "{290CBF53-C62F-4AFE-9C71-41EDF92AF29B}"
EndProject
Global
	GlobalSection(SolutionConfigurationPlatforms) = preSolution
		Debug|Any CPU = Debug|Any CPU
		Release|Any CPU = Release|Any CPU
	EndGlobalSection
	GlobalSection(ProjectConfigurationPlatforms) = postSolution
		{19EFC2DB-D4B1-4449-9228-B43206F855E7}.Debug|Any CPU.ActiveCfg = Debug|Any CPU
		{19EFC2DB-D4B1-4449-9228-B43206F855E7}.Debug|Any CPU.Build.0 = Debug|Any CPU
		{19EFC2DB-D4B1-4449-9228-B43206F855E7}.Release|Any CPU.ActiveCfg = Release|Any CPU
		{19EFC2DB-D4B1-4449-9228-B43206F855E7}.Release|Any CPU.Build.0 = Release|Any CPU
		{3B44515E-44D3-450A-928A-46165D71652F}.Debug|Any CPU.ActiveCfg = Debug|Any CPU
		{3B44515E-44D3-450A-928A-46165D71652F}.Debug|Any CPU.Build.0 = Debug|Any CPU
		{3B44515E-44D3-450A-928A-46165D71652F}.Release|Any CPU.ActiveCfg = Release|Any CPU
		{3B44515E-44D3-450A-928A-46165D71652F}.Release|Any CPU.Build.0 = Release|Any CPU
		{2A9E0C06-73B7-4782-9B8D-702726E498C2}.Debug|Any CPU.ActiveCfg = Debug|Any CPU
		{2A9E0C06-73B7-4782-9B8D-702726E498C2}.Debug|Any CPU.Build.0 = Debug|Any CPU
		{2A9E0C06-73B7-4782-9B8D-702726E498C2}.Release|Any CPU.ActiveCfg = Release|Any CPU
		{2A9E0C06-73B7-4782-9B8D-702726E498C2}.Release|Any CPU.Build.0 = Release|Any CPU
		{43ACCF8B-25EC-4C12-94A9-3A8036D3D3D6}.Debug|Any CPU.ActiveCfg = Debug|Any CPU
		{43ACCF8B-25EC-4C12-94A9-3A8036D3D3D6}.Debug|Any CPU.Build.0 = Debug|Any CPU
		{43ACCF8B-25EC-4C12-94A9-3A8036D3D3D6}.Release|Any CPU.ActiveCfg = Release|Any CPU
		{43ACCF8B-25EC-4C12-94A9-3A8036D3D3D6}.Release|Any CPU.Build.0 = Release|Any CPU
		{290CBF53-C62F-4AFE-9C71-41EDF92AF29B}.Debug|Any CPU.ActiveCfg = Debug|Any CPU
		{290CBF53-C62F-4AFE-9C71-41EDF92AF29B}.Debug|Any CPU.Build.0 = Debug|Any CPU
		{290CBF53-C62F-4AFE-9C71-41EDF92AF29B}.Release|Any CPU.ActiveCfg = Release|Any CPU
		{290CBF53-C62F-4AFE-9C71-41EDF92AF29B}.Release|Any CPU.Build.0 = Release|Any CPU
	EndGlobalSection
	GlobalSection(SolutionProperties) = preSolution
		HideSolutionNode = FALSE
	EndGlobalSection
	GlobalSection(ExtensibilityGlobals) = postSolution
		SolutionGuid = {95FC9618-26C4-4BC7-B214-C39DCD25530F}
	EndGlobalSection
EndGlobal
